
Microsoft Visual Studio Solution File, Format Version 12.00
# Visual Studio 15
VisualStudioVersion = 15.0.27428.2037
MinimumVisualStudioVersion = 10.0.40219.1
Project("{FAE04EC0-301F-11D3-BF4B-00C04F79EFBC}") = "Chess", "Chess\Chess.csproj", "{C3E575F2-5697-4BC2-957C-5CC918208669}"
EndProject
Global
	GlobalSection(SolutionConfigurationPlatforms) = preSolution
		Debug|Any CPU = Debug|Any CPU
		Release|Any CPU = Release|Any CPU
	EndGlobalSection
	GlobalSection(ProjectConfigurationPlatforms) = postSolution
		{C3E575F2-5697-4BC2-957C-5CC918208669}.Debug|Any CPU.ActiveCfg = Debug|Any CPU
		{C3E575F2-5697-4BC2-957C-5CC918208669}.Debug|Any CPU.Build.0 = Debug|Any CPU
		{C3E575F2-5697-4BC2-957C-5CC918208669}.Release|Any CPU.ActiveCfg = Release|Any CPU
		{C3E575F2-5697-4BC2-957C-5CC918208669}.Release|Any CPU.Build.0 = Release|Any CPU
	EndGlobalSection
	GlobalSection(SolutionProperties) = preSolution
		HideSolutionNode = FALSE
	EndGlobalSection
	GlobalSection(ExtensibilityGlobals) = postSolution
		SolutionGuid = {8CAA130E-462D-4FD2-AFB6-0AFBD42F149C}
	EndGlobalSection
EndGlobal
